
Microsoft Visual Studio Solution File, Format Version 12.00
# Visual Studio Version 16
VisualStudioVersion = 16.0.31321.278
MinimumVisualStudioVersion = 10.0.40219.1
Project("{E24C65DC-7377-472B-9ABA-BC803B73C61A}") = "Test", "http://localhost:60483", "{EBC4AA70-606B-43CC-A999-3BA66B9DDBDD}"
	ProjectSection(WebsiteProperties) = preProject
		UseIISExpress = "true"
		TargetFrameworkMoniker = ".NETFramework,Version%3Dv4.0"
		Debug.AspNetCompiler.VirtualPath = "/localhost_60483"
		Debug.AspNetCompiler.PhysicalPath = "..\..\..\OneDrive\Dokument\My Web Sites\Test\"
		Debug.AspNetCompiler.TargetPath = "PrecompiledWeb\localhost_60483\"
		Debug.AspNetCompiler.Updateable = "true"
		Debug.AspNetCompiler.ForceOverwrite = "true"
		Debug.AspNetCompiler.FixedNames = "false"
		Debug.AspNetCompiler.Debug = "True"
		Release.AspNetCompiler.VirtualPath = "/localhost_60483"
		Release.AspNetCompiler.PhysicalPath = "..\..\..\OneDrive\Dokument\My Web Sites\Test\"
		Release.AspNetCompiler.TargetPath = "PrecompiledWeb\localhost_60483\"
		Release.AspNetCompiler.Updateable = "true"
		Release.AspNetCompiler.ForceOverwrite = "true"
		Release.AspNetCompiler.FixedNames = "false"
		Release.AspNetCompiler.Debug = "False"
		SlnRelativePath = "..\..\..\OneDrive\Dokument\My Web Sites\Test\"
	EndProjectSection
EndProject
Global
	GlobalSection(SolutionConfigurationPlatforms) = preSolution
		Debug|Any CPU = Debug|Any CPU
	EndGlobalSection
	GlobalSection(ProjectConfigurationPlatforms) = postSolution
		{EBC4AA70-606B-43CC-A999-3BA66B9DDBDD}.Debug|Any CPU.ActiveCfg = Debug|Any CPU
		{EBC4AA70-606B-43CC-A999-3BA66B9DDBDD}.Debug|Any CPU.Build.0 = Debug|Any CPU
	EndGlobalSection
	GlobalSection(SolutionProperties) = preSolution
		HideSolutionNode = FALSE
	EndGlobalSection
	GlobalSection(ExtensibilityGlobals) = postSolution
		SolutionGuid = {DB89DB33-5D21-4B67-9733-988D5E771EE9}
	EndGlobalSection
EndGlobal
